<?xml version="1.0" encoding="utf-8"?>
<Project ToolsVersion="4.0" xmlns="http://schemas.microsoft.com/developer/msbuild/2003">
  <ItemGroup>
    <Filter Include="Source Files">
      <UniqueIdentifier>{4FC737F1-C7A5-4376-A066-2A32D752A2FF}</UniqueIdentifier>
      <Extensions>cpp;c;cc;cxx;c++;cppm;ixx;def;odl;idl;hpj;bat;asm;asmx</Extensions>
    </Filter>
    <Filter Include="Header Files">
      <UniqueIdentifier>{93995380-89BD-4b04-88EB-625FBE52EBFB}</UniqueIdentifier>
      <Extensions>h;hh;hpp;hxx;h++;hm;inl;inc;ipp;xsd</Extensions>
    </Filter>
    <Filter Include="Resource Files">
      <UniqueIdentifier>{67DA6AB6-F800-4c08-8B7A-83BB121AAD01}</UniqueIdentifier>
      <Extensions>rc;ico;cur;bmp;dlg;rc2;rct;bin;rgs;gif;jpg;jpeg;jpe;resx;tiff;tif;png;wav;mfcribbon-ms</Extensions>
    </Filter>
    <Filter Include="Source Files\ImGui">
      <UniqueIdentifier>{5a079ed5-7bcd-4718-9e8c-03ff97f29fb3}</UniqueIdentifier>
    </Filter>
    <Filter Include="Header Files\Components">
      <UniqueIdentifier>{69863fde-589e-49ec-9586-5e78333cb0d2}</UniqueIdentifier>
    </Filter>
    <Filter Include="Header Files\Systems">
      <UniqueIdentifier>{a0181432-f8f9-4cdf-97ec-b9eef6f65e0e}</UniqueIdentifier>
    </Filter>
    <Filter Include="Source Files\Systems">
      <UniqueIdentifier>{bb7d6f0f-c82e-4207-8538-11a5e6ec47db}</UniqueIdentifier>
    </Filter>
    <Filter Include="Header Files\Editor Menus">
      <UniqueIdentifier>{45acfeae-3957-49fb-980a-6e39dece991f}</UniqueIdentifier>
    </Filter>
    <Filter Include="Source Files\Editor Menus">
      <UniqueIdentifier>{42d4062c-10cf-4299-a936-37b4a24f6d5e}</UniqueIdentifier>
    </Filter>
  </ItemGroup>
  <ItemGroup>
    <ClCompile Include="src\Game.cpp">
      <Filter>Source Files</Filter>
    </ClCompile>
    <ClCompile Include="src\main.cpp">
      <Filter>Source Files</Filter>
    </ClCompile>
    <ClCompile Include="src\Systems\SpriteSystem.cpp">
      <Filter>Source Files\Systems</Filter>
    </ClCompile>
    <ClCompile Include="src\Systems\TransformSystem.cpp">
      <Filter>Source Files\Systems</Filter>
    </ClCompile>
    <ClCompile Include="src\Systems\PlayerMovementSystem.cpp">
      <Filter>Source Files\Systems</Filter>
    </ClCompile>
    <ClCompile Include="src\Menus\EditorHandler.cpp">
      <Filter>Source Files\Editor Menus</Filter>
    </ClCompile>
    <ClCompile Include="..\..\..\..\dev\LIBRARIES\imgui-1.89.6\imgui-docking\imgui.cpp">
      <Filter>Source Files\ImGui</Filter>
    </ClCompile>
    <ClCompile Include="..\..\..\..\dev\LIBRARIES\imgui-1.89.6\imgui-docking\imgui_demo.cpp">
      <Filter>Source Files\ImGui</Filter>
    </ClCompile>
    <ClCompile Include="..\..\..\..\dev\LIBRARIES\imgui-1.89.6\imgui-docking\imgui_draw.cpp">
      <Filter>Source Files\ImGui</Filter>
    </ClCompile>
    <ClCompile Include="..\..\..\..\dev\LIBRARIES\imgui-1.89.6\imgui-docking\imgui_tables.cpp">
      <Filter>Source Files\ImGui</Filter>
    </ClCompile>
    <ClCompile Include="..\..\..\..\dev\LIBRARIES\imgui-1.89.6\imgui-docking\imgui_widgets.cpp">
      <Filter>Source Files\ImGui</Filter>
    </ClCompile>
    <ClCompile Include="..\..\..\..\dev\LIBRARIES\imgui-sfml-master\imgui-SFML.cpp">
      <Filter>Source Files\ImGui</Filter>
    </ClCompile>
    <ClCompile Include="src\Systems\BulletEmitterSystem.cpp">
      <Filter>Source Files\Systems</Filter>
    </ClCompile>
    <ClCompile Include="..\..\..\..\dev\LIBRARIES\imgui-1.89.6\imgui-docking\misc\cpp\imgui_stdlib.cpp">
      <Filter>Source Files\ImGui</Filter>
    </ClCompile>
    <ClCompile Include="src\BulletHandler.cpp">
      <Filter>Source Files</Filter>
    </ClCompile>
    <ClCompile Include="src\Systems\BulletSystem.cpp">
      <Filter>Source Files\Systems</Filter>
    </ClCompile>
  </ItemGroup>
  <ItemGroup>
    <ClInclude Include="src\include\Game.hpp">
      <Filter>Header Files</Filter>
    </ClInclude>
    <ClInclude Include="src\include\Components\Registry.hpp">
      <Filter>Header Files\Components</Filter>
    </ClInclude>
    <ClInclude Include="src\include\Systems\SpriteSystem.hpp">
      <Filter>Header Files\Systems</Filter>
    </ClInclude>
    <ClInclude Include="src\include\Systems\TransformSystem.hpp">
      <Filter>Header Files\Systems</Filter>
    </ClInclude>
    <ClInclude Include="src\include\Systems\PlayerMovementSystem.hpp">
      <Filter>Header Files\Systems</Filter>
    </ClInclude>
    <ClInclude Include="src\include\Components\Components.hpp">
      <Filter>Header Files\Components</Filter>
    </ClInclude>
    <ClInclude Include="src\include\Menus\EntityEditor.hpp">
      <Filter>Header Files\Editor Menus</Filter>
    </ClInclude>
    <ClInclude Include="src\include\Menus\EditorBase.hpp">
      <Filter>Header Files\Editor Menus</Filter>
    </ClInclude>
    <ClInclude Include="src\include\Menus\EditorHandler.hpp">
      <Filter>Header Files\Editor Menus</Filter>
    </ClInclude>
    <ClInclude Include="src\include\Menus\ViewportEditor.hpp">
      <Filter>Header Files\Editor Menus</Filter>
    </ClInclude>
    <ClInclude Include="src\include\Menus\EmitterEditor.hpp">
      <Filter>Header Files\Editor Menus</Filter>
    </ClInclude>
    <ClInclude Include="src\include\Menus\BulletEditor.hpp">
      <Filter>Header Files\Editor Menus</Filter>
    </ClInclude>
    <ClInclude Include="src\include\BulletData.hpp">
      <Filter>Header Files</Filter>
    </ClInclude>
    <ClInclude Include="src\include\BulletHandler.hpp">
      <Filter>Header Files</Filter>
    </ClInclude>
    <ClInclude Include="src\include\Systems\BulletEmitterSystem.hpp">
      <Filter>Header Files\Systems</Filter>
    </ClInclude>
    <ClInclude Include="src\include\Components\FireTypes.hpp">
      <Filter>Header Files\Components</Filter>
    </ClInclude>
    <ClInclude Include="src\include\Systems\BulletSystem.hpp">
      <Filter>Header Files\Systems</Filter>
    </ClInclude>
  </ItemGroup>
</Project>